
Microsoft Visual Studio Solution File, Format Version 12.00
# Visual Studio Version 17
VisualStudioVersion = 17.0.31903.59
MinimumVisualStudioVersion = 10.0.40219.1
Project("{9A19103F-16F7-4668-BE54-9A1E7A4F7556}") = "SimpleMoviesService", "SimpleMoviesService\SimpleMoviesService.csproj", "{878489DA-66FB-4848-831F-91C563474004}"
EndProject
Project("{9A19103F-16F7-4668-BE54-9A1E7A4F7556}") = "SimpleMoviesService.FunctionalTests", "SimpleMoviesService.FunctionalTests\SimpleMoviesService.FunctionalTests.csproj", "{C2B8850C-B820-45AA-8575-DE54B2F0D7D0}"
EndProject
Project("{E53339B2-1760-4266-BCC7-CA923CBCF16C}") = "docker-compose", "docker-compose.dcproj", "{39476391-8B2D-44EA-A26D-3A63DCDC60B4}"
EndProject
Project("{FAE04EC0-301F-11D3-BF4B-00C04F79EFBC}") = "SimpleMoviesService.UnitTests", "SimpleMoviesService.UnitTests\SimpleMoviesService.UnitTests.csproj", "{C044BCEF-20E8-4251-90DE-B75633FAF771}"
EndProject
Global
	GlobalSection(SolutionConfigurationPlatforms) = preSolution
		Debug|Any CPU = Debug|Any CPU
		Release|Any CPU = Release|Any CPU
	EndGlobalSection
	GlobalSection(ProjectConfigurationPlatforms) = postSolution
		{878489DA-66FB-4848-831F-91C563474004}.Debug|Any CPU.ActiveCfg = Debug|Any CPU
		{878489DA-66FB-4848-831F-91C563474004}.Debug|Any CPU.Build.0 = Debug|Any CPU
		{878489DA-66FB-4848-831F-91C563474004}.Release|Any CPU.ActiveCfg = Release|Any CPU
		{878489DA-66FB-4848-831F-91C563474004}.Release|Any CPU.Build.0 = Release|Any CPU
		{C2B8850C-B820-45AA-8575-DE54B2F0D7D0}.Debug|Any CPU.ActiveCfg = Debug|Any CPU
		{C2B8850C-B820-45AA-8575-DE54B2F0D7D0}.Debug|Any CPU.Build.0 = Debug|Any CPU
		{C2B8850C-B820-45AA-8575-DE54B2F0D7D0}.Release|Any CPU.ActiveCfg = Release|Any CPU
		{C2B8850C-B820-45AA-8575-DE54B2F0D7D0}.Release|Any CPU.Build.0 = Release|Any CPU
		{39476391-8B2D-44EA-A26D-3A63DCDC60B4}.Debug|Any CPU.ActiveCfg = Debug|Any CPU
		{39476391-8B2D-44EA-A26D-3A63DCDC60B4}.Debug|Any CPU.Build.0 = Debug|Any CPU
		{39476391-8B2D-44EA-A26D-3A63DCDC60B4}.Release|Any CPU.ActiveCfg = Release|Any CPU
		{39476391-8B2D-44EA-A26D-3A63DCDC60B4}.Release|Any CPU.Build.0 = Release|Any CPU
		{C044BCEF-20E8-4251-90DE-B75633FAF771}.Debug|Any CPU.ActiveCfg = Debug|Any CPU
		{C044BCEF-20E8-4251-90DE-B75633FAF771}.Debug|Any CPU.Build.0 = Debug|Any CPU
		{C044BCEF-20E8-4251-90DE-B75633FAF771}.Release|Any CPU.ActiveCfg = Release|Any CPU
		{C044BCEF-20E8-4251-90DE-B75633FAF771}.Release|Any CPU.Build.0 = Release|Any CPU
	EndGlobalSection
	GlobalSection(SolutionProperties) = preSolution
		HideSolutionNode = FALSE
	EndGlobalSection
EndGlobal
